// !$*UTF8*$!
{
	archiveVersion = 1;
	classes = {
	};
	objectVersion = 55;
	objects = {

/* Begin PBXBuildFile section */
		B1A3A88C273AF8C0008E1B9E /* AppDelegate.swift in Sources */ = {isa = PBXBuildFile; fileRef = B1A3A88B273AF8C0008E1B9E /* AppDelegate.swift */; };
		B1A3A88E273AF8C0008E1B9E /* SceneDelegate.swift in Sources */ = {isa = PBXBuildFile; fileRef = B1A3A88D273AF8C0008E1B9E /* SceneDelegate.swift */; };
		B1A3A890273AF8C0008E1B9E /* SignupPageVC.swift in Sources */ = {isa = PBXBuildFile; fileRef = B1A3A88F273AF8C0008E1B9E /* SignupPageVC.swift */; };
		B1A3A893273AF8C0008E1B9E /* Main.storyboard in Resources */ = {isa = PBXBuildFile; fileRef = B1A3A891273AF8C0008E1B9E /* Main.storyboard */; };
		B1A3A895273AF8C4008E1B9E /* Assets.xcassets in Resources */ = {isa = PBXBuildFile; fileRef = B1A3A894273AF8C4008E1B9E /* Assets.xcassets */; };
		B1A3A898273AF8C4008E1B9E /* LaunchScreen.storyboard in Resources */ = {isa = PBXBuildFile; fileRef = B1A3A896273AF8C4008E1B9E /* LaunchScreen.storyboard */; };
		B1CA6C6F273DA48200F949CD /* GoogleService-Info.plist in Resources */ = {isa = PBXBuildFile; fileRef = B1CA6C6E273DA48200F949CD /* GoogleService-Info.plist */; };
		D78FC6B5325FF4A28F75E887 /* Pods_Cravings.framework in Frameworks */ = {isa = PBXBuildFile; fileRef = F1B6118489BBCC33AA136E90 /* Pods_Cravings.framework */; };
		D923AFF02742365D0013C8BC /* la_google.svg in Resources */ = {isa = PBXBuildFile; fileRef = D923AFEF2742365D0013C8BC /* la_google.svg */; };
/* End PBXBuildFile section */

/* Begin PBXFileReference section */
		6A8B205FDE955D9FFADDD936 /* Pods-Cravings.release.xcconfig */ = {isa = PBXFileReference; includeInIndex = 1; lastKnownFileType = text.xcconfig; name = "Pods-Cravings.release.xcconfig"; path = "Target Support Files/Pods-Cravings/Pods-Cravings.release.xcconfig"; sourceTree = "<group>"; };
		A1C5FD667479BABF2D2FDB88 /* Pods-Cravings.debug.xcconfig */ = {isa = PBXFileReference; includeInIndex = 1; lastKnownFileType = text.xcconfig; name = "Pods-Cravings.debug.xcconfig"; path = "Target Support Files/Pods-Cravings/Pods-Cravings.debug.xcconfig"; sourceTree = "<group>"; };
		B1A3A888273AF8C0008E1B9E /* Cravings.app */ = {isa = PBXFileReference; explicitFileType = wrapper.application; includeInIndex = 0; path = Cravings.app; sourceTree = BUILT_PRODUCTS_DIR; };
		B1A3A88B273AF8C0008E1B9E /* AppDelegate.swift */ = {isa = PBXFileReference; lastKnownFileType = sourcecode.swift; path = AppDelegate.swift; sourceTree = "<group>"; };
		B1A3A88D273AF8C0008E1B9E /* SceneDelegate.swift */ = {isa = PBXFileReference; lastKnownFileType = sourcecode.swift; path = SceneDelegate.swift; sourceTree = "<group>"; };
		B1A3A88F273AF8C0008E1B9E /* SignupPageVC.swift */ = {isa = PBXFileReference; lastKnownFileType = sourcecode.swift; path = SignupPageVC.swift; sourceTree = "<group>"; };
		B1A3A892273AF8C0008E1B9E /* Base */ = {isa = PBXFileReference; lastKnownFileType = file.storyboard; name = Base; path = Base.lproj/Main.storyboard; sourceTree = "<group>"; };
		B1A3A894273AF8C4008E1B9E /* Assets.xcassets */ = {isa = PBXFileReference; lastKnownFileType = folder.assetcatalog; path = Assets.xcassets; sourceTree = "<group>"; };
		B1A3A897273AF8C4008E1B9E /* Base */ = {isa = PBXFileReference; lastKnownFileType = file.storyboard; name = Base; path = Base.lproj/LaunchScreen.storyboard; sourceTree = "<group>"; };
		B1A3A899273AF8C4008E1B9E /* Info.plist */ = {isa = PBXFileReference; lastKnownFileType = text.plist.xml; path = Info.plist; sourceTree = "<group>"; };
		B1CA6C6E273DA48200F949CD /* GoogleService-Info.plist */ = {isa = PBXFileReference; fileEncoding = 4; lastKnownFileType = text.plist.xml; path = "GoogleService-Info.plist"; sourceTree = "<group>"; };
		D923AFEF2742365D0013C8BC /* la_google.svg */ = {isa = PBXFileReference; fileEncoding = 4; lastKnownFileType = text; path = la_google.svg; sourceTree = "<group>"; };
		F1B6118489BBCC33AA136E90 /* Pods_Cravings.framework */ = {isa = PBXFileReference; explicitFileType = wrapper.framework; includeInIndex = 0; path = Pods_Cravings.framework; sourceTree = BUILT_PRODUCTS_DIR; };
/* End PBXFileReference section */

/* Begin PBXFrameworksBuildPhase section */
		B1A3A885273AF8C0008E1B9E /* Frameworks */ = {
			isa = PBXFrameworksBuildPhase;
			buildActionMask = 2147483647;
			files = (
				D78FC6B5325FF4A28F75E887 /* Pods_Cravings.framework in Frameworks */,
			);
			runOnlyForDeploymentPostprocessing = 0;
		};
/* End PBXFrameworksBuildPhase section */

/* Begin PBXGroup section */
		797F469FDAB044AA1F4AF861 /* Pods */ = {
			isa = PBXGroup;
			children = (
				A1C5FD667479BABF2D2FDB88 /* Pods-Cravings.debug.xcconfig */,
				6A8B205FDE955D9FFADDD936 /* Pods-Cravings.release.xcconfig */,
			);
			path = Pods;
			sourceTree = "<group>";
		};
		B1A3A87F273AF8C0008E1B9E = {
			isa = PBXGroup;
			children = (
				B1A3A88A273AF8C0008E1B9E /* Cravings */,
				B1A3A889273AF8C0008E1B9E /* Products */,
				797F469FDAB044AA1F4AF861 /* Pods */,
				B80F4E1653EB187A3A5CA236 /* Frameworks */,
			);
			sourceTree = "<group>";
		};
		B1A3A889273AF8C0008E1B9E /* Products */ = {
			isa = PBXGroup;
			children = (
				B1A3A888273AF8C0008E1B9E /* Cravings.app */,
			);
			name = Products;
			sourceTree = "<group>";
		};
		B1A3A88A273AF8C0008E1B9E /* Cravings */ = {
			isa = PBXGroup;
			children = (
				B1A3A88B273AF8C0008E1B9E /* AppDelegate.swift */,
				B1A3A88D273AF8C0008E1B9E /* SceneDelegate.swift */,
				B1A3A88F273AF8C0008E1B9E /* SignupPageVC.swift */,
				B1A3A891273AF8C0008E1B9E /* Main.storyboard */,
				B1A3A894273AF8C4008E1B9E /* Assets.xcassets */,
				D923AFEF2742365D0013C8BC /* la_google.svg */,
				B1A3A896273AF8C4008E1B9E /* LaunchScreen.storyboard */,
				B1A3A899273AF8C4008E1B9E /* Info.plist */,
				B1CA6C6E273DA48200F949CD /* GoogleService-Info.plist */,
			);
			path = Cravings;
			sourceTree = "<group>";
		};
		B80F4E1653EB187A3A5CA236 /* Frameworks */ = {
			isa = PBXGroup;
			children = (
				F1B6118489BBCC33AA136E90 /* Pods_Cravings.framework */,
			);
			name = Frameworks;
			sourceTree = "<group>";
		};
/* End PBXGroup section */

/* Begin PBXNativeTarget section */
		B1A3A887273AF8C0008E1B9E /* Cravings */ = {
			isa = PBXNativeTarget;
			buildConfigurationList = B1A3A89C273AF8C4008E1B9E /* Build configuration list for PBXNativeTarget "Cravings" */;
			buildPhases = (
				96CFB4023A0091BF25ECFAB3 /* [CP] Check Pods Manifest.lock */,
				B1A3A884273AF8C0008E1B9E /* Sources */,
				B1A3A885273AF8C0008E1B9E /* Frameworks */,
				B1A3A886273AF8C0008E1B9E /* Resources */,
				9700A6F5E18AF722335A52EF /* [CP] Embed Pods Frameworks */,
			);
			buildRules = (
			);
			dependencies = (
			);
			name = Cravings;
			productName = Cravings;
			productReference = B1A3A888273AF8C0008E1B9E /* Cravings.app */;
			productType = "com.apple.product-type.application";
		};
/* End PBXNativeTarget section */

/* Begin PBXProject section */
		B1A3A880273AF8C0008E1B9E /* Project object */ = {
			isa = PBXProject;
			attributes = {
				BuildIndependentTargetsInParallel = 1;
				LastSwiftUpdateCheck = 1310;
				LastUpgradeCheck = 1310;
				TargetAttributes = {
					B1A3A887273AF8C0008E1B9E = {
						CreatedOnToolsVersion = 13.1;
					};
				};
			};
			buildConfigurationList = B1A3A883273AF8C0008E1B9E /* Build configuration list for PBXProject "Cravings" */;
			compatibilityVersion = "Xcode 13.0";
			developmentRegion = en;
			hasScannedForEncodings = 0;
			knownRegions = (
				en,
				Base,
			);
			mainGroup = B1A3A87F273AF8C0008E1B9E;
			productRefGroup = B1A3A889273AF8C0008E1B9E /* Products */;
			projectDirPath = "";
			projectRoot = "";
			targets = (
				B1A3A887273AF8C0008E1B9E /* Cravings */,
			);
		};
/* End PBXProject section */

/* Begin PBXResourcesBuildPhase section */
		B1A3A886273AF8C0008E1B9E /* Resources */ = {
			isa = PBXResourcesBuildPhase;
			buildActionMask = 2147483647;
			files = (
				B1A3A898273AF8C4008E1B9E /* LaunchScreen.storyboard in Resources */,
				B1CA6C6F273DA48200F949CD /* GoogleService-Info.plist in Resources */,
				B1A3A895273AF8C4008E1B9E /* Assets.xcassets in Resources */,
				B1A3A893273AF8C0008E1B9E /* Main.storyboard in Resources */,
				D923AFF02742365D0013C8BC /* la_google.svg in Resources */,
			);
			runOnlyForDeploymentPostprocessing = 0;
		};
/* End PBXResourcesBuildPhase section */

/* Begin PBXShellScriptBuildPhase section */
		96CFB4023A0091BF25ECFAB3 /* [CP] Check Pods Manifest.lock */ = {
			isa = PBXShellScriptBuildPhase;
			buildActionMask = 2147483647;
			files = (
			);
			inputFileListPaths = (
			);
			inputPaths = (
				"${PODS_PODFILE_DIR_PATH}/Podfile.lock",
				"${PODS_ROOT}/Manifest.lock",
			);
			name = "[CP] Check Pods Manifest.lock";
			outputFileListPaths = (
			);
			outputPaths = (
				"$(DERIVED_FILE_DIR)/Pods-Cravings-checkManifestLockResult.txt",
			);
			runOnlyForDeploymentPostprocessing = 0;
			shellPath = /bin/sh;
			shellScript = "diff \"${PODS_PODFILE_DIR_PATH}/Podfile.lock\" \"${PODS_ROOT}/Manifest.lock\" > /dev/null\nif [ $? != 0 ] ; then\n    # print error to STDERR\n    echo \"error: The sandbox is not in sync with the Podfile.lock. Run 'pod install' or update your CocoaPods installation.\" >&2\n    exit 1\nfi\n# This output is used by Xcode 'outputs' to avoid re-running this script phase.\necho \"SUCCESS\" > \"${SCRIPT_OUTPUT_FILE_0}\"\n";
			showEnvVarsInLog = 0;
		};
		9700A6F5E18AF722335A52EF /* [CP] Embed Pods Frameworks */ = {
			isa = PBXShellScriptBuildPhase;
			buildActionMask = 2147483647;
			files = (
			);
			inputFileListPaths = (
				"${PODS_ROOT}/Target Support Files/Pods-Cravings/Pods-Cravings-frameworks-${CONFIGURATION}-input-files.xcfilelist",
			);
			name = "[CP] Embed Pods Frameworks";
			outputFileListPaths = (
				"${PODS_ROOT}/Target Support Files/Pods-Cravings/Pods-Cravings-frameworks-${CONFIGURATION}-output-files.xcfilelist",
			);
			runOnlyForDeploymentPostprocessing = 0;
			shellPath = /bin/sh;
			shellScript = "\"${PODS_ROOT}/Target Support Files/Pods-Cravings/Pods-Cravings-frameworks.sh\"\n";
			showEnvVarsInLog = 0;
		};
/* End PBXShellScriptBuildPhase section */

/* Begin PBXSourcesBuildPhase section */
		B1A3A884273AF8C0008E1B9E /* Sources */ = {
			isa = PBXSourcesBuildPhase;
			buildActionMask = 2147483647;
			files = (
				B1A3A890273AF8C0008E1B9E /* SignupPageVC.swift in Sources */,
				B1A3A88C273AF8C0008E1B9E /* AppDelegate.swift in Sources */,
				B1A3A88E273AF8C0008E1B9E /* SceneDelegate.swift in Sources */,
			);
			runOnlyForDeploymentPostprocessing = 0;
		};
/* End PBXSourcesBuildPhase section */

/* Begin PBXVariantGroup section */
		B1A3A891273AF8C0008E1B9E /* Main.storyboard */ = {
			isa = PBXVariantGroup;
			children = (
				B1A3A892273AF8C0008E1B9E /* Base */,
			);
			name = Main.storyboard;
			sourceTree = "<group>";
		};
		B1A3A896273AF8C4008E1B9E /* LaunchScreen.storyboard */ = {
			isa = PBXVariantGroup;
			children = (
				B1A3A897273AF8C4008E1B9E /* Base */,
			);
			name = LaunchScreen.storyboard;
			sourceTree = "<group>";
		};
/* End PBXVariantGroup section */

/* Begin XCBuildConfiguration section */
		B1A3A89A273AF8C4008E1B9E /* Debug */ = {
			isa = XCBuildConfiguration;
			buildSettings = {
				ALWAYS_SEARCH_USER_PATHS = NO;
				CLANG_ANALYZER_NONNULL = YES;
				CLANG_ANALYZER_NUMBER_OBJECT_CONVERSION = YES_AGGRESSIVE;
				CLANG_CXX_LANGUAGE_STANDARD = "gnu++17";
				CLANG_CXX_LIBRARY = "libc++";
				CLANG_ENABLE_MODULES = YES;
				CLANG_ENABLE_OBJC_ARC = YES;
				CLANG_ENABLE_OBJC_WEAK = YES;
				CLANG_WARN_BLOCK_CAPTURE_AUTORELEASING = YES;
				CLANG_WARN_BOOL_CONVERSION = YES;
				CLANG_WARN_COMMA = YES;
				CLANG_WARN_CONSTANT_CONVERSION = YES;
				CLANG_WARN_DEPRECATED_OBJC_IMPLEMENTATIONS = YES;
				CLANG_WARN_DIRECT_OBJC_ISA_USAGE = YES_ERROR;
				CLANG_WARN_DOCUMENTATION_COMMENTS = YES;
				CLANG_WARN_EMPTY_BODY = YES;
				CLANG_WARN_ENUM_CONVERSION = YES;
				CLANG_WARN_INFINITE_RECURSION = YES;
				CLANG_WARN_INT_CONVERSION = YES;
				CLANG_WARN_NON_LITERAL_NULL_CONVERSION = YES;
				CLANG_WARN_OBJC_IMPLICIT_RETAIN_SELF = YES;
				CLANG_WARN_OBJC_LITERAL_CONVERSION = YES;
				CLANG_WARN_OBJC_ROOT_CLASS = YES_ERROR;
				CLANG_WARN_QUOTED_INCLUDE_IN_FRAMEWORK_HEADER = YES;
				CLANG_WARN_RANGE_LOOP_ANALYSIS = YES;
				CLANG_WARN_STRICT_PROTOTYPES = YES;
				CLANG_WARN_SUSPICIOUS_MOVE = YES;
				CLANG_WARN_UNGUARDED_AVAILABILITY = YES_AGGRESSIVE;
				CLANG_WARN_UNREACHABLE_CODE = YES;
				CLANG_WARN__DUPLICATE_METHOD_MATCH = YES;
				COPY_PHASE_STRIP = NO;
				DEBUG_INFORMATION_FORMAT = dwarf;
				ENABLE_STRICT_OBJC_MSGSEND = YES;
				ENABLE_TESTABILITY = YES;
				GCC_C_LANGUAGE_STANDARD = gnu11;
				GCC_DYNAMIC_NO_PIC = NO;
				GCC_NO_COMMON_BLOCKS = YES;
				GCC_OPTIMIZATION_LEVEL = 0;
				GCC_PREPROCESSOR_DEFINITIONS = (
					"DEBUG=1",
					"$(inherited)",
				);
				GCC_WARN_64_TO_32_BIT_CONVERSION = YES;
				GCC_WARN_ABOUT_RETURN_TYPE = YES_ERROR;
				GCC_WARN_UNDECLARED_SELECTOR = YES;
				GCC_WARN_UNINITIALIZED_AUTOS = YES_AGGRESSIVE;
				GCC_WARN_UNUSED_FUNCTION = YES;
				GCC_WARN_UNUSED_VARIABLE = YES;
				IPHONEOS_DEPLOYMENT_TARGET = 15.0;
				MTL_ENABLE_DEBUG_INFO = INCLUDE_SOURCE;
				MTL_FAST_MATH = YES;
				ONLY_ACTIVE_ARCH = YES;
				SDKROOT = iphoneos;
				SWIFT_ACTIVE_COMPILATION_CONDITIONS = DEBUG;
				SWIFT_OPTIMIZATION_LEVEL = "-Onone";
			};
			name = Debug;
		};
		B1A3A89B273AF8C4008E1B9E /* Release */ = {
			isa = XCBuildConfiguration;
			buildSettings = {
				ALWAYS_SEARCH_USER_PATHS = NO;
				CLANG_ANALYZER_NONNULL = YES;
				CLANG_ANALYZER_NUMBER_OBJECT_CONVERSION = YES_AGGRESSIVE;
				CLANG_CXX_LANGUAGE_STANDARD = "gnu++17";
				CLANG_CXX_LIBRARY = "libc++";
				CLANG_ENABLE_MODULES = YES;
				CLANG_ENABLE_OBJC_ARC = YES;
				CLANG_ENABLE_OBJC_WEAK = YES;
				CLANG_WARN_BLOCK_CAPTURE_AUTORELEASING = YES;
				CLANG_WARN_BOOL_CONVERSION = YES;
				CLANG_WARN_COMMA = YES;
				CLANG_WARN_CONSTANT_CONVERSION = YES;
				CLANG_WARN_DEPRECATED_OBJC_IMPLEMENTATIONS = YES;
				CLANG_WARN_DIRECT_OBJC_ISA_USAGE = YES_ERROR;
				CLANG_WARN_DOCUMENTATION_COMMENTS = YES;
				CLANG_WARN_EMPTY_BODY = YES;
				CLANG_WARN_ENUM_CONVERSION = YES;
				CLANG_WARN_INFINITE_RECURSION = YES;
				CLANG_WARN_INT_CONVERSION = YES;
				CLANG_WARN_NON_LITERAL_NULL_CONVERSION = YES;
				CLANG_WARN_OBJC_IMPLICIT_RETAIN_SELF = YES;
				CLANG_WARN_OBJC_LITERAL_CONVERSION = YES;
				CLANG_WARN_OBJC_ROOT_CLASS = YES_ERROR;
				CLANG_WARN_QUOTED_INCLUDE_IN_FRAMEWORK_HEADER = YES;
				CLANG_WARN_RANGE_LOOP_ANALYSIS = YES;
				CLANG_WARN_STRICT_PROTOTYPES = YES;
				CLANG_WARN_SUSPICIOUS_MOVE = YES;
				CLANG_WARN_UNGUARDED_AVAILABILITY = YES_AGGRESSIVE;
				CLANG_WARN_UNREACHABLE_CODE = YES;
				CLANG_WARN__DUPLICATE_METHOD_MATCH = YES;
				COPY_PHASE_STRIP = NO;
				DEBUG_INFORMATION_FORMAT = "dwarf-with-dsym";
				ENABLE_NS_ASSERTIONS = NO;
				ENABLE_STRICT_OBJC_MSGSEND = YES;
				GCC_C_LANGUAGE_STANDARD = gnu11;
				GCC_NO_COMMON_BLOCKS = YES;
				GCC_WARN_64_TO_32_BIT_CONVERSION = YES;
				GCC_WARN_ABOUT_RETURN_TYPE = YES_ERROR;
				GCC_WARN_UNDECLARED_SELECTOR = YES;
				GCC_WARN_UNINITIALIZED_AUTOS = YES_AGGRESSIVE;
				GCC_WARN_UNUSED_FUNCTION = YES;
				GCC_WARN_UNUSED_VARIABLE = YES;
				IPHONEOS_DEPLOYMENT_TARGET = 15.0;
				MTL_ENABLE_DEBUG_INFO = NO;
				MTL_FAST_MATH = YES;
				SDKROOT = iphoneos;
				SWIFT_COMPILATION_MODE = wholemodule;
				SWIFT_OPTIMIZATION_LEVEL = "-O";
				VALIDATE_PRODUCT = YES;
			};
			name = Release;
		};
		B1A3A89D273AF8C4008E1B9E /* Debug */ = {
			isa = XCBuildConfiguration;
			baseConfigurationReference = A1C5FD667479BABF2D2FDB88 /* Pods-Cravings.debug.xcconfig */;
			buildSettings = {
				ASSETCATALOG_COMPILER_APPICON_NAME = AppIcon;
				ASSETCATALOG_COMPILER_GLOBAL_ACCENT_COLOR_NAME = AccentColor;
				CODE_SIGN_STYLE = Automatic;
				CURRENT_PROJECT_VERSION = 1;
				DEVELOPMENT_TEAM = RTKTHM26K9;
				GENERATE_INFOPLIST_FILE = YES;
				INFOPLIST_FILE = Cravings/Info.plist;
				INFOPLIST_KEY_UIApplicationSupportsIndirectInputEvents = YES;
				INFOPLIST_KEY_UILaunchStoryboardName = LaunchScreen;
				INFOPLIST_KEY_UIMainStoryboardFile = Main;
				INFOPLIST_KEY_UISupportedInterfaceOrientations_iPad = "UIInterfaceOrientationPortrait UIInterfaceOrientationPortraitUpsideDown UIInterfaceOrientationLandscapeLeft UIInterfaceOrientationLandscapeRight";
				INFOPLIST_KEY_UISupportedInterfaceOrientations_iPhone = "UIInterfaceOrientationPortrait UIInterfaceOrientationLandscapeLeft UIInterfaceOrientationLandscapeRight";
				LD_RUNPATH_SEARCH_PATHS = (
					"$(inherited)",
					"@executable_path/Frameworks",
				);
				MARKETING_VERSION = 1.0;
				PRODUCT_BUNDLE_IDENTIFIER = com.cemsafa.Cravings;
				PRODUCT_NAME = "$(TARGET_NAME)";
				SWIFT_EMIT_LOC_STRINGS = YES;
				SWIFT_VERSION = 5.0;
				TARGETED_DEVICE_FAMILY = "1,2";
			};
			name = Debug;
		};
		B1A3A89E273AF8C4008E1B9E /* Release */ = {
			isa = XCBuildConfiguration;
			baseConfigurationReference = 6A8B205FDE955D9FFADDD936 /* Pods-Cravings.release.xcconfig */;
			buildSettings = {
				ASSETCATALOG_COMPILER_APPICON_NAME = AppIcon;
				ASSETCATALOG_COMPILER_GLOBAL_ACCENT_COLOR_NAME = AccentColor;
				CODE_SIGN_STYLE = Automatic;
				CURRENT_PROJECT_VERSION = 1;
				DEVELOPMENT_TEAM = RTKTHM26K9;
				GENERATE_INFOPLIST_FILE = YES;
				INFOPLIST_FILE = Cravings/Info.plist;
				INFOPLIST_KEY_UIApplicationSupportsIndirectInputEvents = YES;
				INFOPLIST_KEY_UILaunchStoryboardName = LaunchScreen;
				INFOPLIST_KEY_UIMainStoryboardFile = Main;
				INFOPLIST_KEY_UISupportedInterfaceOrientations_iPad = "UIInterfaceOrientationPortrait UIInterfaceOrientationPortraitUpsideDown UIInterfaceOrientationLandscapeLeft UIInterfaceOrientationLandscapeRight";
				INFOPLIST_KEY_UISupportedInterfaceOrientations_iPhone = "UIInterfaceOrientationPortrait UIInterfaceOrientationLandscapeLeft UIInterfaceOrientationLandscapeRight";
				LD_RUNPATH_SEARCH_PATHS = (
					"$(inherited)",
					"@executable_path/Frameworks",
				);
				MARKETING_VERSION = 1.0;
				PRODUCT_BUNDLE_IDENTIFIER = com.cemsafa.Cravings;
				PRODUCT_NAME = "$(TARGET_NAME)";
				SWIFT_EMIT_LOC_STRINGS = YES;
				SWIFT_VERSION = 5.0;
				TARGETED_DEVICE_FAMILY = "1,2";
			};
			name = Release;
		};
/* End XCBuildConfiguration section */

/* Begin XCConfigurationList section */
		B1A3A883273AF8C0008E1B9E /* Build configuration list for PBXProject "Cravings" */ = {
			isa = XCConfigurationList;
			buildConfigurations = (
				B1A3A89A273AF8C4008E1B9E /* Debug */,
				B1A3A89B273AF8C4008E1B9E /* Release */,
			);
			defaultConfigurationIsVisible = 0;
			defaultConfigurationName = Release;
		};
		B1A3A89C273AF8C4008E1B9E /* Build configuration list for PBXNativeTarget "Cravings" */ = {
			isa = XCConfigurationList;
			buildConfigurations = (
				B1A3A89D273AF8C4008E1B9E /* Debug */,
				B1A3A89E273AF8C4008E1B9E /* Release */,
			);
			defaultConfigurationIsVisible = 0;
			defaultConfigurationName = Release;
		};
/* End XCConfigurationList section */
	};
	rootObject = B1A3A880273AF8C0008E1B9E /* Project object */;
}
